
Microsoft Visual Studio Solution File, Format Version 12.00
# Visual Studio Version 17
VisualStudioVersion = 17.0.32014.148
MinimumVisualStudioVersion = 10.0.40219.1
Project("{FAE04EC0-301F-11D3-BF4B-00C04F79EFBC}") = "SLL", "SLL\SLL.csproj", "{D2DB96AE-B8F9-43BF-BA45-0B5BE06D0C7E}"
EndProject
Global
	GlobalSection(SolutionConfigurationPlatforms) = preSolution
		Debug|Any CPU = Debug|Any CPU
		Release|Any CPU = Release|Any CPU
	EndGlobalSection
	GlobalSection(ProjectConfigurationPlatforms) = postSolution
		{D2DB96AE-B8F9-43BF-BA45-0B5BE06D0C7E}.Debug|Any CPU.ActiveCfg = Debug|Any CPU
		{D2DB96AE-B8F9-43BF-BA45-0B5BE06D0C7E}.Debug|Any CPU.Build.0 = Debug|Any CPU
		{D2DB96AE-B8F9-43BF-BA45-0B5BE06D0C7E}.Release|Any CPU.ActiveCfg = Release|Any CPU
		{D2DB96AE-B8F9-43BF-BA45-0B5BE06D0C7E}.Release|Any CPU.Build.0 = Release|Any CPU
	EndGlobalSection
	GlobalSection(SolutionProperties) = preSolution
		HideSolutionNode = FALSE
	EndGlobalSection
	GlobalSection(ExtensibilityGlobals) = postSolution
		SolutionGuid = {FA16B7B4-2318-407A-816D-3F03B58B7D7B}
	EndGlobalSection
EndGlobal
